
Microsoft Visual Studio Solution File, Format Version 11.00
# Visual Studio 2010
Project("{FAE04EC0-301F-11D3-BF4B-00C04F79EFBC}") = "Recipe4", "Recipe4\Recipe4.csproj", "{96222598-0064-4C07-8BDD-E8197EF3A8F1}"
EndProject
Global
	GlobalSection(SolutionConfigurationPlatforms) = preSolution
		Debug|x86 = Debug|x86
		Release|x86 = Release|x86
	EndGlobalSection
	GlobalSection(ProjectConfigurationPlatforms) = postSolution
		{96222598-0064-4C07-8BDD-E8197EF3A8F1}.Debug|x86.ActiveCfg = Debug|x86
		{96222598-0064-4C07-8BDD-E8197EF3A8F1}.Debug|x86.Build.0 = Debug|x86
		{96222598-0064-4C07-8BDD-E8197EF3A8F1}.Release|x86.ActiveCfg = Release|x86
		{96222598-0064-4C07-8BDD-E8197EF3A8F1}.Release|x86.Build.0 = Release|x86
	EndGlobalSection
	GlobalSection(SolutionProperties) = preSolution
		HideSolutionNode = FALSE
	EndGlobalSection
EndGlobal
