
Microsoft Visual Studio Solution File, Format Version 11.00
# Visual Studio 2010
Project("{FAE04EC0-301F-11D3-BF4B-00C04F79EFBC}") = "Recipe4", "Recipe4\Recipe4.csproj", "{D39F4FC5-D456-470B-A2A9-FBDA7449F7BA}"
EndProject
Global
	GlobalSection(SolutionConfigurationPlatforms) = preSolution
		Debug|Any CPU = Debug|Any CPU
		Release|Any CPU = Release|Any CPU
	EndGlobalSection
	GlobalSection(ProjectConfigurationPlatforms) = postSolution
		{D39F4FC5-D456-470B-A2A9-FBDA7449F7BA}.Debug|Any CPU.ActiveCfg = Debug|Any CPU
		{D39F4FC5-D456-470B-A2A9-FBDA7449F7BA}.Debug|Any CPU.Build.0 = Debug|Any CPU
		{D39F4FC5-D456-470B-A2A9-FBDA7449F7BA}.Release|Any CPU.ActiveCfg = Release|Any CPU
		{D39F4FC5-D456-470B-A2A9-FBDA7449F7BA}.Release|Any CPU.Build.0 = Release|Any CPU
	EndGlobalSection
	GlobalSection(SolutionProperties) = preSolution
		HideSolutionNode = FALSE
	EndGlobalSection
EndGlobal
