
Microsoft Visual Studio Solution File, Format Version 11.00
# Visual Studio 2010
Project("{FAE04EC0-301F-11D3-BF4B-00C04F79EFBC}") = "EnrollmentData", "EnrollmentData\EnrollmentData.csproj", "{6F23B6A3-66AE-4AEF-8B23-947BA7CE13A8}"
EndProject
Project("{FAE04EC0-301F-11D3-BF4B-00C04F79EFBC}") = "EnrollmentEntities", "EnrollmentEntities\EnrollmentEntities.csproj", "{840F6556-849E-4C18-B3E3-994C449E3C85}"
EndProject
Project("{FAE04EC0-301F-11D3-BF4B-00C04F79EFBC}") = "EnrollmentService", "EnrollmentService\EnrollmentService.csproj", "{AFC02BEC-4ED2-448A-B621-F5B9FA57276E}"
EndProject
Project("{FAE04EC0-301F-11D3-BF4B-00C04F79EFBC}") = "EnrollmentClient", "EnrollmentClient\EnrollmentClient.csproj", "{DF365452-9F57-455C-A434-962DE6F0B1B7}"
	ProjectSection(ProjectDependencies) = postProject
		{AFC02BEC-4ED2-448A-B621-F5B9FA57276E} = {AFC02BEC-4ED2-448A-B621-F5B9FA57276E}
	EndProjectSection
EndProject
Global
	GlobalSection(SolutionConfigurationPlatforms) = preSolution
		Debug|Any CPU = Debug|Any CPU
		Debug|Mixed Platforms = Debug|Mixed Platforms
		Debug|x86 = Debug|x86
		Release|Any CPU = Release|Any CPU
		Release|Mixed Platforms = Release|Mixed Platforms
		Release|x86 = Release|x86
	EndGlobalSection
	GlobalSection(ProjectConfigurationPlatforms) = postSolution
		{6F23B6A3-66AE-4AEF-8B23-947BA7CE13A8}.Debug|Any CPU.ActiveCfg = Debug|Any CPU
		{6F23B6A3-66AE-4AEF-8B23-947BA7CE13A8}.Debug|Any CPU.Build.0 = Debug|Any CPU
		{6F23B6A3-66AE-4AEF-8B23-947BA7CE13A8}.Debug|Mixed Platforms.ActiveCfg = Debug|Any CPU
		{6F23B6A3-66AE-4AEF-8B23-947BA7CE13A8}.Debug|Mixed Platforms.Build.0 = Debug|Any CPU
		{6F23B6A3-66AE-4AEF-8B23-947BA7CE13A8}.Debug|x86.ActiveCfg = Debug|Any CPU
		{6F23B6A3-66AE-4AEF-8B23-947BA7CE13A8}.Release|Any CPU.ActiveCfg = Release|Any CPU
		{6F23B6A3-66AE-4AEF-8B23-947BA7CE13A8}.Release|Any CPU.Build.0 = Release|Any CPU
		{6F23B6A3-66AE-4AEF-8B23-947BA7CE13A8}.Release|Mixed Platforms.ActiveCfg = Release|Any CPU
		{6F23B6A3-66AE-4AEF-8B23-947BA7CE13A8}.Release|Mixed Platforms.Build.0 = Release|Any CPU
		{6F23B6A3-66AE-4AEF-8B23-947BA7CE13A8}.Release|x86.ActiveCfg = Release|Any CPU
		{840F6556-849E-4C18-B3E3-994C449E3C85}.Debug|Any CPU.ActiveCfg = Debug|Any CPU
		{840F6556-849E-4C18-B3E3-994C449E3C85}.Debug|Any CPU.Build.0 = Debug|Any CPU
		{840F6556-849E-4C18-B3E3-994C449E3C85}.Debug|Mixed Platforms.ActiveCfg = Debug|Any CPU
		{840F6556-849E-4C18-B3E3-994C449E3C85}.Debug|Mixed Platforms.Build.0 = Debug|Any CPU
		{840F6556-849E-4C18-B3E3-994C449E3C85}.Debug|x86.ActiveCfg = Debug|Any CPU
		{840F6556-849E-4C18-B3E3-994C449E3C85}.Release|Any CPU.ActiveCfg = Release|Any CPU
		{840F6556-849E-4C18-B3E3-994C449E3C85}.Release|Any CPU.Build.0 = Release|Any CPU
		{840F6556-849E-4C18-B3E3-994C449E3C85}.Release|Mixed Platforms.ActiveCfg = Release|Any CPU
		{840F6556-849E-4C18-B3E3-994C449E3C85}.Release|Mixed Platforms.Build.0 = Release|Any CPU
		{840F6556-849E-4C18-B3E3-994C449E3C85}.Release|x86.ActiveCfg = Release|Any CPU
		{AFC02BEC-4ED2-448A-B621-F5B9FA57276E}.Debug|Any CPU.ActiveCfg = Debug|Any CPU
		{AFC02BEC-4ED2-448A-B621-F5B9FA57276E}.Debug|Any CPU.Build.0 = Debug|Any CPU
		{AFC02BEC-4ED2-448A-B621-F5B9FA57276E}.Debug|Mixed Platforms.ActiveCfg = Debug|Any CPU
		{AFC02BEC-4ED2-448A-B621-F5B9FA57276E}.Debug|Mixed Platforms.Build.0 = Debug|Any CPU
		{AFC02BEC-4ED2-448A-B621-F5B9FA57276E}.Debug|x86.ActiveCfg = Debug|Any CPU
		{AFC02BEC-4ED2-448A-B621-F5B9FA57276E}.Release|Any CPU.ActiveCfg = Release|Any CPU
		{AFC02BEC-4ED2-448A-B621-F5B9FA57276E}.Release|Any CPU.Build.0 = Release|Any CPU
		{AFC02BEC-4ED2-448A-B621-F5B9FA57276E}.Release|Mixed Platforms.ActiveCfg = Release|Any CPU
		{AFC02BEC-4ED2-448A-B621-F5B9FA57276E}.Release|Mixed Platforms.Build.0 = Release|Any CPU
		{AFC02BEC-4ED2-448A-B621-F5B9FA57276E}.Release|x86.ActiveCfg = Release|Any CPU
		{DF365452-9F57-455C-A434-962DE6F0B1B7}.Debug|Any CPU.ActiveCfg = Debug|x86
		{DF365452-9F57-455C-A434-962DE6F0B1B7}.Debug|Mixed Platforms.ActiveCfg = Debug|x86
		{DF365452-9F57-455C-A434-962DE6F0B1B7}.Debug|Mixed Platforms.Build.0 = Debug|x86
		{DF365452-9F57-455C-A434-962DE6F0B1B7}.Debug|x86.ActiveCfg = Debug|x86
		{DF365452-9F57-455C-A434-962DE6F0B1B7}.Debug|x86.Build.0 = Debug|x86
		{DF365452-9F57-455C-A434-962DE6F0B1B7}.Release|Any CPU.ActiveCfg = Release|x86
		{DF365452-9F57-455C-A434-962DE6F0B1B7}.Release|Mixed Platforms.ActiveCfg = Release|x86
		{DF365452-9F57-455C-A434-962DE6F0B1B7}.Release|Mixed Platforms.Build.0 = Release|x86
		{DF365452-9F57-455C-A434-962DE6F0B1B7}.Release|x86.ActiveCfg = Release|x86
		{DF365452-9F57-455C-A434-962DE6F0B1B7}.Release|x86.Build.0 = Release|x86
	EndGlobalSection
	GlobalSection(SolutionProperties) = preSolution
		HideSolutionNode = FALSE
	EndGlobalSection
EndGlobal
