
Microsoft Visual Studio Solution File, Format Version 11.00
# Visual Studio 10
Project("{FAE04EC0-301F-11D3-BF4B-00C04F79EFBC}") = "Recipe3", "Recipe3\Recipe3.csproj", "{ECE8D916-7CBB-4E8A-902F-9D008A562ACF}"
EndProject
Global
	GlobalSection(SolutionConfigurationPlatforms) = preSolution
		Debug|x86 = Debug|x86
		Release|x86 = Release|x86
	EndGlobalSection
	GlobalSection(ProjectConfigurationPlatforms) = postSolution
		{ECE8D916-7CBB-4E8A-902F-9D008A562ACF}.Debug|x86.ActiveCfg = Debug|x86
		{ECE8D916-7CBB-4E8A-902F-9D008A562ACF}.Debug|x86.Build.0 = Debug|x86
		{ECE8D916-7CBB-4E8A-902F-9D008A562ACF}.Release|x86.ActiveCfg = Release|x86
		{ECE8D916-7CBB-4E8A-902F-9D008A562ACF}.Release|x86.Build.0 = Release|x86
	EndGlobalSection
	GlobalSection(SolutionProperties) = preSolution
		HideSolutionNode = FALSE
	EndGlobalSection
EndGlobal
