
Microsoft Visual Studio Solution File, Format Version 11.00
# Visual Studio 2010
Project("{FAE04EC0-301F-11D3-BF4B-00C04F79EFBC}") = "Recipe3", "Recipe3\Recipe3.csproj", "{16B64BCA-FAFE-4397-BE6B-3ABEA18662BE}"
EndProject
Global
	GlobalSection(SolutionConfigurationPlatforms) = preSolution
		Debug|x86 = Debug|x86
		Release|x86 = Release|x86
	EndGlobalSection
	GlobalSection(ProjectConfigurationPlatforms) = postSolution
		{16B64BCA-FAFE-4397-BE6B-3ABEA18662BE}.Debug|x86.ActiveCfg = Debug|x86
		{16B64BCA-FAFE-4397-BE6B-3ABEA18662BE}.Debug|x86.Build.0 = Debug|x86
		{16B64BCA-FAFE-4397-BE6B-3ABEA18662BE}.Release|x86.ActiveCfg = Release|x86
		{16B64BCA-FAFE-4397-BE6B-3ABEA18662BE}.Release|x86.Build.0 = Release|x86
	EndGlobalSection
	GlobalSection(SolutionProperties) = preSolution
		HideSolutionNode = FALSE
	EndGlobalSection
EndGlobal
